
Microsoft Visual Studio Solution File, Format Version 12.00
# Visual Studio Version 17
VisualStudioVersion = 17.5.33530.505
MinimumVisualStudioVersion = 10.0.40219.1
Project("{8BC9CEB8-8B4A-11D0-8D11-00A0C91BC942}") = "ProblemSet4", "ProblemSet4\ProblemSet4.vcxproj", "{3F015631-50DF-4B4B-9180-A8CC3BBE22AF}"
EndProject
Global
	GlobalSection(SolutionConfigurationPlatforms) = preSolution
		Debug|x64 = Debug|x64
		Debug|x86 = Debug|x86
		Release|x64 = Release|x64
		Release|x86 = Release|x86
	EndGlobalSection
	GlobalSection(ProjectConfigurationPlatforms) = postSolution
		{3F015631-50DF-4B4B-9180-A8CC3BBE22AF}.Debug|x64.ActiveCfg = Debug|x64
		{3F015631-50DF-4B4B-9180-A8CC3BBE22AF}.Debug|x64.Build.0 = Debug|x64
		{3F015631-50DF-4B4B-9180-A8CC3BBE22AF}.Debug|x86.ActiveCfg = Debug|Win32
		{3F015631-50DF-4B4B-9180-A8CC3BBE22AF}.Debug|x86.Build.0 = Debug|Win32
		{3F015631-50DF-4B4B-9180-A8CC3BBE22AF}.Release|x64.ActiveCfg = Release|x64
		{3F015631-50DF-4B4B-9180-A8CC3BBE22AF}.Release|x64.Build.0 = Release|x64
		{3F015631-50DF-4B4B-9180-A8CC3BBE22AF}.Release|x86.ActiveCfg = Release|Win32
		{3F015631-50DF-4B4B-9180-A8CC3BBE22AF}.Release|x86.Build.0 = Release|Win32
	EndGlobalSection
	GlobalSection(SolutionProperties) = preSolution
		HideSolutionNode = FALSE
	EndGlobalSection
	GlobalSection(ExtensibilityGlobals) = postSolution
		SolutionGuid = {8DE82F24-8ABB-4499-9EBF-C046E673B38E}
	EndGlobalSection
EndGlobal
